{
  "nodes": {
    "copyparty": {
      "inputs": {
        "flake-utils": "flake-utils",
        "nixpkgs": "nixpkgs"
      },
      "locked": {
        "lastModified": 1778874672,
        "narHash": "sha256-lL5SXrufwxu9sthDnTCieH8gskhOv5KOGj2wXx2xCsw=",
        "owner": "9001",
        "repo": "copyparty",
        "rev": "3b53a228b0e07912766d8dbf88b1dd01da57e2c5",
        "type": "github"
      },
      "original": {
        "owner": "9001",
        "repo": "copyparty",
        "type": "github"
      }
    },
    "crane": {
      "locked": {
        "lastModified": 1772560058,
        "narHash": "sha256-NuVKdMBJldwUXgghYpzIWJdfeB7ccsu1CC7B+NfSoZ8=",
        "owner": "ipetkov",
        "repo": "crane",
        "rev": "db590d9286ed5ce22017541e36132eab4e8b3045",
        "type": "github"
      },
      "original": {
        "owner": "ipetkov",
        "repo": "crane",
        "type": "github"
      }
    },
    "flake-parts": {
      "inputs": {
        "nixpkgs-lib": [
          "nixpkgs"
        ]
      },
      "locked": {
        "lastModified": 1772408722,
        "narHash": "sha256-rHuJtdcOjK7rAHpHphUb1iCvgkU3GpfvicLMwwnfMT0=",
        "owner": "hercules-ci",
        "repo": "flake-parts",
        "rev": "f20dc5d9b8027381c474144ecabc9034d6a839a3",
        "type": "github"
      },
      "original": {
        "owner": "hercules-ci",
        "repo": "flake-parts",
        "type": "github"
      }
    },
    "flake-utils": {
      "locked": {
        "lastModified": 1678901627,
        "narHash": "sha256-U02riOqrKKzwjsxc/400XnElV+UtPUQWpANPlyazjH0=",
        "owner": "numtide",
        "repo": "flake-utils",
        "rev": "93a2b84fc4b70d9e089d029deacc3583435c2ed6",
        "type": "github"
      },
      "original": {
        "owner": "numtide",
        "repo": "flake-utils",
        "type": "github"
      }
    },
    "git-hooks": {
      "flake": false,
      "locked": {
        "lastModified": 1772893680,
        "narHash": "sha256-JDqZMgxUTCq85ObSaFw0HhE+lvdOre1lx9iI6vYyOEs=",
        "owner": "cachix",
        "repo": "git-hooks.nix",
        "rev": "8baab586afc9c9b57645a734c820e4ac0a604af9",
        "type": "github"
      },
      "original": {
        "owner": "cachix",
        "repo": "git-hooks.nix",
        "type": "github"
      }
    },
    "nixpkgs": {
      "locked": {
        "lastModified": 1748162331,
        "narHash": "sha256-rqc2RKYTxP3tbjA+PB3VMRQNnjesrT0pEofXQTrMsS8=",
        "owner": "NixOS",
        "repo": "nixpkgs",
        "rev": "7c43f080a7f28b2774f3b3f43234ca11661bf334",
        "type": "github"
      },
      "original": {
        "id": "nixpkgs",
        "ref": "nixos-25.05",
        "type": "indirect"
      }
    },
    "nixpkgs_2": {
      "locked": {
        "lastModified": 1773476965,
        "narHash": "sha256-Laaj25PvGeoP5SPhMfMGxvWqM6ZjZ6LdUeEhP6b3czY=",
        "owner": "nixos",
        "repo": "nixpkgs",
        "rev": "f82ce7af0b79ac154b12e27ed800aeb97413723c",
        "type": "github"
      },
      "original": {
        "owner": "nixos",
        "ref": "nixpkgs-unstable",
        "repo": "nixpkgs",
        "type": "github"
      }
    },
    "root": {
      "inputs": {
        "copyparty": "copyparty",
        "flake-parts": "flake-parts",
        "git-hooks": "git-hooks",
        "nixpkgs": "nixpkgs_2",
        "rust-flake": "rust-flake",
        "systems": "systems"
      }
    },
    "rust-flake": {
      "inputs": {
        "crane": "crane",
        "nixpkgs": [
          "nixpkgs"
        ],
        "rust-overlay": "rust-overlay"
      },
      "locked": {
        "lastModified": 1772998667,
        "narHash": "sha256-G2IkaFiXeHIraHu5js+c8MHFCLmaXCI7IGrJ/528f1w=",
        "owner": "juspay",
        "repo": "rust-flake",
        "rev": "7caae5af6081b96d8a6da783c401f609eaaa27f6",
        "type": "github"
      },
      "original": {
        "owner": "juspay",
        "repo": "rust-flake",
        "type": "github"
      }
    },
    "rust-overlay": {
      "inputs": {
        "nixpkgs": [
          "rust-flake",
          "nixpkgs"
        ]
      },
      "locked": {
        "lastModified": 1772852295,
        "narHash": "sha256-3FB/WzLZSiU2Mc50C9q9VXU1LRUZbsU6UHKmZG1C+hU=",
        "owner": "oxalica",
        "repo": "rust-overlay",
        "rev": "c10801f59c68e14c308aea8fa6b0b3d81d43c61e",
        "type": "github"
      },
      "original": {
        "owner": "oxalica",
        "repo": "rust-overlay",
        "type": "github"
      }
    },
    "systems": {
      "locked": {
        "lastModified": 1681028828,
        "narHash": "sha256-Vy1rq5AaRuLzOxct8nz4T6wlgyUR7zLU309k9mBC768=",
        "owner": "nix-systems",
        "repo": "default",
        "rev": "da67096a3b9bf56a91d16901293e51ba5b49a27e",
        "type": "github"
      },
      "original": {
        "owner": "nix-systems",
        "repo": "default",
        "type": "github"
      }
    }
  },
  "root": "root",
  "version": 7
}
